
Microsoft Visual Studio Solution File, Format Version 12.00
# Visual Studio 2015
Project("{FAE04EC0-301F-11D3-BF4B-00C04F79EFBC}") = "Purpose.Plugins", "Purpose.Plugins.csproj", "{887AA660-E7C9-CAA1-5D09-56F6DB087CB1}"
EndProject
Project("{FAE04EC0-301F-11D3-BF4B-00C04F79EFBC}") = "Purpose", "Purpose.csproj", "{8EAC962B-46C2-F195-651F-4EE958344CBD}"
EndProject
Project("{FAE04EC0-301F-11D3-BF4B-00C04F79EFBC}") = "Purpose.Editor.Plugins", "Purpose.Editor.Plugins.csproj", "{2BC3EB67-2391-54E2-C832-F1A4B49A97F8}"
EndProject
Global
	GlobalSection(SolutionConfigurationPlatforms) = preSolution
		Debug|Any CPU = Debug|Any CPU
		Release|Any CPU = Release|Any CPU
	EndGlobalSection
	GlobalSection(ProjectConfigurationPlatforms) = postSolution
		{887AA660-E7C9-CAA1-5D09-56F6DB087CB1}.Debug|Any CPU.ActiveCfg = Debug|Any CPU
		{887AA660-E7C9-CAA1-5D09-56F6DB087CB1}.Debug|Any CPU.Build.0 = Debug|Any CPU
		{887AA660-E7C9-CAA1-5D09-56F6DB087CB1}.Release|Any CPU.ActiveCfg = Release|Any CPU
		{887AA660-E7C9-CAA1-5D09-56F6DB087CB1}.Release|Any CPU.Build.0 = Release|Any CPU
		{8EAC962B-46C2-F195-651F-4EE958344CBD}.Debug|Any CPU.ActiveCfg = Debug|Any CPU
		{8EAC962B-46C2-F195-651F-4EE958344CBD}.Debug|Any CPU.Build.0 = Debug|Any CPU
		{8EAC962B-46C2-F195-651F-4EE958344CBD}.Release|Any CPU.ActiveCfg = Release|Any CPU
		{8EAC962B-46C2-F195-651F-4EE958344CBD}.Release|Any CPU.Build.0 = Release|Any CPU
		{2BC3EB67-2391-54E2-C832-F1A4B49A97F8}.Debug|Any CPU.ActiveCfg = Debug|Any CPU
		{2BC3EB67-2391-54E2-C832-F1A4B49A97F8}.Debug|Any CPU.Build.0 = Debug|Any CPU
		{2BC3EB67-2391-54E2-C832-F1A4B49A97F8}.Release|Any CPU.ActiveCfg = Release|Any CPU
		{2BC3EB67-2391-54E2-C832-F1A4B49A97F8}.Release|Any CPU.Build.0 = Release|Any CPU
	EndGlobalSection
	GlobalSection(SolutionProperties) = preSolution
		HideSolutionNode = FALSE
	EndGlobalSection
EndGlobal
